
Microsoft Visual Studio Solution File, Format Version 12.00
# Visual Studio Version 17
VisualStudioVersion = 17.9.34622.214
MinimumVisualStudioVersion = 10.0.40219.1
Project("{9A19103F-16F7-4668-BE54-9A1E7A4F7556}") = "KsWare.CmdDotNet", "KsWare.CmdDotNet\KsWare.CmdDotNet.csproj", "{18389D10-0D3C-4346-AE39-FAC741440393}"
EndProject
Project("{9A19103F-16F7-4668-BE54-9A1E7A4F7556}") = "KsWare.CmdDotNet.Tests", "..\tests\KsWare.CmdDotNet.Tests\KsWare.CmdDotNet.Tests.csproj", "{5DDACCAF-1268-4AC0-ABC6-5423C67C4624}"
EndProject
Global
	GlobalSection(SolutionConfigurationPlatforms) = preSolution
		Debug|Any CPU = Debug|Any CPU
		Release|Any CPU = Release|Any CPU
	EndGlobalSection
	GlobalSection(ProjectConfigurationPlatforms) = postSolution
		{18389D10-0D3C-4346-AE39-FAC741440393}.Debug|Any CPU.ActiveCfg = Debug|Any CPU
		{18389D10-0D3C-4346-AE39-FAC741440393}.Debug|Any CPU.Build.0 = Debug|Any CPU
		{18389D10-0D3C-4346-AE39-FAC741440393}.Release|Any CPU.ActiveCfg = Release|Any CPU
		{18389D10-0D3C-4346-AE39-FAC741440393}.Release|Any CPU.Build.0 = Release|Any CPU
		{5DDACCAF-1268-4AC0-ABC6-5423C67C4624}.Debug|Any CPU.ActiveCfg = Debug|Any CPU
		{5DDACCAF-1268-4AC0-ABC6-5423C67C4624}.Debug|Any CPU.Build.0 = Debug|Any CPU
		{5DDACCAF-1268-4AC0-ABC6-5423C67C4624}.Release|Any CPU.ActiveCfg = Release|Any CPU
		{5DDACCAF-1268-4AC0-ABC6-5423C67C4624}.Release|Any CPU.Build.0 = Release|Any CPU
	EndGlobalSection
	GlobalSection(SolutionProperties) = preSolution
		HideSolutionNode = FALSE
	EndGlobalSection
	GlobalSection(ExtensibilityGlobals) = postSolution
		SolutionGuid = {52B8E1AE-32C5-4327-A705-962030B54112}
	EndGlobalSection
EndGlobal
